# This file is generated by running "yarn install" inside your project.
# Manual changes might be lost - proceed with caution!

__metadata:
  version: 8
  cacheKey: 10c0

"erpnext@workspace:.":
  version: 0.0.0-use.local
  resolution: "erpnext@workspace:."
  dependencies:
    onscan.js: "npm:^1.5.2"
  languageName: unknown
  linkType: soft

"onscan.js@npm:^1.5.2":
  version: 1.5.2
  resolution: "onscan.js@npm:1.5.2"
  checksum: 10c0/5d70be82fb93aa74767270c386c1760a1505d9e2d070ed7f658715c7f2ad429e17b4f74b33be31c9a2490e41b00a37dada28c2707e1d9e19acdee1717d3b8bdf
  languageName: node
  linkType: hard
